
Microsoft Visual Studio Solution File, Format Version 12.00
# Visual Studio Version 17
VisualStudioVersion = 17.14.36408.4
MinimumVisualStudioVersion = 10.0.40219.1
Project("{FAE04EC0-301F-11D3-BF4B-00C04F79EFBC}") = "Pulsar.Common", "External\Poopsar\Pulsar.Common\Pulsar.Common.csproj", "{0B95FC2E-2593-108E-45FD-378A158F2E32}"
EndProject
Project("{2150E333-8FDC-42A3-9474-1A3956D46DE8}") = "Pulsar.Plugin.Example", "Pulsar.Plugin.Example", "{02EA681E-C7D8-13C7-8484-4AC65E1B71E8}"
EndProject
Project("{2150E333-8FDC-42A3-9474-1A3956D46DE8}") = "Pulsar.Plugin.MessageBox", "Pulsar.Plugin.MessageBox", "{12C2D2FF-A1C6-49DC-BA2F-E1D409BE487E}"
EndProject
Project("{FAE04EC0-301F-11D3-BF4B-00C04F79EFBC}") = "Pulsar.Plugin.Example.Client", "Pulsar.Plugin.Example\Pulsar.Plugin.Example.Client\Pulsar.Plugin.Example.Client.csproj", "{5769BC8E-15B9-4B64-9BF6-D492A7755582}"
	ProjectSection(ProjectDependencies) = postProject
		{0B95FC2E-2593-108E-45FD-378A158F2E32} = {0B95FC2E-2593-108E-45FD-378A158F2E32}
	EndProjectSection
EndProject
Project("{FAE04EC0-301F-11D3-BF4B-00C04F79EFBC}") = "Pulsar.Plugin.MessageBox.Client", "Pulsar.Plugin.MessageBox\Pulsar.Plugin.MessageBox.Client\Pulsar.Plugin.MessageBox.Client.csproj", "{E8230BD0-9FC7-47E6-B075-F769E03ACCA8}"
EndProject
Project("{FAE04EC0-301F-11D3-BF4B-00C04F79EFBC}") = "Pulsar.Plugin.MessageBox.Server", "Pulsar.Plugin.MessageBox\Pulsar.Plugin.MessageBox.Server\Pulsar.Plugin.MessageBox.Server.csproj", "{B3FC3271-B6B1-4C2D-8008-B91C11A2F400}"
	ProjectSection(ProjectDependencies) = postProject
		{0B95FC2E-2593-108E-45FD-378A158F2E32} = {0B95FC2E-2593-108E-45FD-378A158F2E32}
		{E26DF779-8FCA-0041-D19B-C7F0D1DF655E} = {E26DF779-8FCA-0041-D19B-C7F0D1DF655E}
	EndProjectSection
EndProject
Project("{FAE04EC0-301F-11D3-BF4B-00C04F79EFBC}") = "Pulsar.Server", "External\Poopsar\Pulsar.Server\Pulsar.Server.csproj", "{E26DF779-8FCA-0041-D19B-C7F0D1DF655E}"
EndProject
Project("{2150E333-8FDC-42A3-9474-1A3956D46DE8}") = "Pulsar.Plugin.UserCheck", "Pulsar.Plugin.UserCheck", "{D502ED50-057E-443D-8357-4833A4951121}"
EndProject
Project("{FAE04EC0-301F-11D3-BF4B-00C04F79EFBC}") = "Pulsar.Plugin.UserCheck.Client", "Pulsar.Plugin.UserCheck\Pulsar.Plugin.UserCheck.Client\Pulsar.Plugin.UserCheck.Client.csproj", "{AED915B3-9E58-4896-97EE-A1B4D4CD16CE}"
EndProject
Project("{FAE04EC0-301F-11D3-BF4B-00C04F79EFBC}") = "Pulsar.Plugin.UserCheck.Server", "Pulsar.Plugin.UserCheck\Pulsar.Plugin.UserCheck.Server\Pulsar.Plugin.UserCheck.Server.csproj", "{0B690643-E5F1-4491-8D49-42A03C597876}"
	ProjectSection(ProjectDependencies) = postProject
		{0B95FC2E-2593-108E-45FD-378A158F2E32} = {0B95FC2E-2593-108E-45FD-378A158F2E32}
		{E26DF779-8FCA-0041-D19B-C7F0D1DF655E} = {E26DF779-8FCA-0041-D19B-C7F0D1DF655E}
	EndProjectSection
EndProject
Project("{888888A0-9F3D-457C-B088-3A5042F75D52}") = "PersonDetector", "Pulsar.Plugin.UserCheck\PersonDetector\PersonDetector\PersonDetector.pyproj", "{B16B99F6-E593-4226-B77D-3E838A414308}"
EndProject
Global
	GlobalSection(SolutionConfigurationPlatforms) = preSolution
		Debug|Any CPU = Debug|Any CPU
		Release|Any CPU = Release|Any CPU
	EndGlobalSection
	GlobalSection(ProjectConfigurationPlatforms) = postSolution
		{0B95FC2E-2593-108E-45FD-378A158F2E32}.Debug|Any CPU.ActiveCfg = Debug|Any CPU
		{0B95FC2E-2593-108E-45FD-378A158F2E32}.Debug|Any CPU.Build.0 = Debug|Any CPU
		{0B95FC2E-2593-108E-45FD-378A158F2E32}.Release|Any CPU.ActiveCfg = Release|Any CPU
		{0B95FC2E-2593-108E-45FD-378A158F2E32}.Release|Any CPU.Build.0 = Release|Any CPU
		{5769BC8E-15B9-4B64-9BF6-D492A7755582}.Debug|Any CPU.ActiveCfg = Debug|Any CPU
		{5769BC8E-15B9-4B64-9BF6-D492A7755582}.Debug|Any CPU.Build.0 = Debug|Any CPU
		{5769BC8E-15B9-4B64-9BF6-D492A7755582}.Release|Any CPU.ActiveCfg = Release|Any CPU
		{5769BC8E-15B9-4B64-9BF6-D492A7755582}.Release|Any CPU.Build.0 = Release|Any CPU
		{E8230BD0-9FC7-47E6-B075-F769E03ACCA8}.Debug|Any CPU.ActiveCfg = Debug|Any CPU
		{E8230BD0-9FC7-47E6-B075-F769E03ACCA8}.Debug|Any CPU.Build.0 = Debug|Any CPU
		{E8230BD0-9FC7-47E6-B075-F769E03ACCA8}.Release|Any CPU.ActiveCfg = Release|Any CPU
		{E8230BD0-9FC7-47E6-B075-F769E03ACCA8}.Release|Any CPU.Build.0 = Release|Any CPU
		{B3FC3271-B6B1-4C2D-8008-B91C11A2F400}.Debug|Any CPU.ActiveCfg = Debug|Any CPU
		{B3FC3271-B6B1-4C2D-8008-B91C11A2F400}.Debug|Any CPU.Build.0 = Debug|Any CPU
		{B3FC3271-B6B1-4C2D-8008-B91C11A2F400}.Release|Any CPU.ActiveCfg = Release|Any CPU
		{B3FC3271-B6B1-4C2D-8008-B91C11A2F400}.Release|Any CPU.Build.0 = Release|Any CPU
		{E26DF779-8FCA-0041-D19B-C7F0D1DF655E}.Debug|Any CPU.ActiveCfg = Debug|Any CPU
		{E26DF779-8FCA-0041-D19B-C7F0D1DF655E}.Debug|Any CPU.Build.0 = Debug|Any CPU
		{E26DF779-8FCA-0041-D19B-C7F0D1DF655E}.Release|Any CPU.ActiveCfg = Release|Any CPU
		{E26DF779-8FCA-0041-D19B-C7F0D1DF655E}.Release|Any CPU.Build.0 = Release|Any CPU
		{AED915B3-9E58-4896-97EE-A1B4D4CD16CE}.Debug|Any CPU.ActiveCfg = Debug|Any CPU
		{AED915B3-9E58-4896-97EE-A1B4D4CD16CE}.Debug|Any CPU.Build.0 = Debug|Any CPU
		{AED915B3-9E58-4896-97EE-A1B4D4CD16CE}.Release|Any CPU.ActiveCfg = Release|Any CPU
		{AED915B3-9E58-4896-97EE-A1B4D4CD16CE}.Release|Any CPU.Build.0 = Release|Any CPU
		{0B690643-E5F1-4491-8D49-42A03C597876}.Debug|Any CPU.ActiveCfg = Debug|Any CPU
		{0B690643-E5F1-4491-8D49-42A03C597876}.Debug|Any CPU.Build.0 = Debug|Any CPU
		{0B690643-E5F1-4491-8D49-42A03C597876}.Release|Any CPU.ActiveCfg = Release|Any CPU
		{0B690643-E5F1-4491-8D49-42A03C597876}.Release|Any CPU.Build.0 = Release|Any CPU
		{B16B99F6-E593-4226-B77D-3E838A414308}.Debug|Any CPU.ActiveCfg = Debug|Any CPU
		{B16B99F6-E593-4226-B77D-3E838A414308}.Release|Any CPU.ActiveCfg = Release|Any CPU
	EndGlobalSection
	GlobalSection(SolutionProperties) = preSolution
		HideSolutionNode = FALSE
	EndGlobalSection
	GlobalSection(NestedProjects) = preSolution
		{5769BC8E-15B9-4B64-9BF6-D492A7755582} = {02EA681E-C7D8-13C7-8484-4AC65E1B71E8}
		{E8230BD0-9FC7-47E6-B075-F769E03ACCA8} = {12C2D2FF-A1C6-49DC-BA2F-E1D409BE487E}
		{B3FC3271-B6B1-4C2D-8008-B91C11A2F400} = {12C2D2FF-A1C6-49DC-BA2F-E1D409BE487E}
		{AED915B3-9E58-4896-97EE-A1B4D4CD16CE} = {D502ED50-057E-443D-8357-4833A4951121}
		{0B690643-E5F1-4491-8D49-42A03C597876} = {D502ED50-057E-443D-8357-4833A4951121}
		{B16B99F6-E593-4226-B77D-3E838A414308} = {D502ED50-057E-443D-8357-4833A4951121}
	EndGlobalSection
	GlobalSection(ExtensibilityGlobals) = postSolution
		SolutionGuid = {7B6F93F9-C76A-4DA8-B2AB-17B7848DB21A}
	EndGlobalSection
EndGlobal
